// !$*UTF8*$!
{
	archiveVersion = 1;
	classes = {
	};
	objectVersion = 48;
	objects = {

/* Begin PBXBuildFile section */
		CB3EC8C92317D932000B621C /* AppDelegate.swift in Sources */ = {isa = PBXBuildFile; fileRef = CB3EC8C82317D932000B621C /* AppDelegate.swift */; };
		CB3EC8CB2317D932000B621C /* ViewController.swift in Sources */ = {isa = PBXBuildFile; fileRef = CB3EC8CA2317D932000B621C /* ViewController.swift */; };
		CB3EC8CE2317D932000B621C /* Main.storyboard in Resources */ = {isa = PBXBuildFile; fileRef = CB3EC8CC2317D932000B621C /* Main.storyboard */; };
		CB3EC8D02317D932000B621C /* Assets.xcassets in Resources */ = {isa = PBXBuildFile; fileRef = CB3EC8CF2317D932000B621C /* Assets.xcassets */; };
		CB3EC8D32317D932000B621C /* LaunchScreen.storyboard in Resources */ = {isa = PBXBuildFile; fileRef = CB3EC8D12317D932000B621C /* LaunchScreen.storyboard */; };
		CB3EC8DE2317D932000B621C /* DatePickerViewTests.swift in Sources */ = {isa = PBXBuildFile; fileRef = CB3EC8DD2317D932000B621C /* DatePickerViewTests.swift */; };
		CB3EC8E92317D932000B621C /* DatePickerViewUITests.swift in Sources */ = {isa = PBXBuildFile; fileRef = CB3EC8E82317D932000B621C /* DatePickerViewUITests.swift */; };
/* End PBXBuildFile section */

/* Begin PBXContainerItemProxy section */
		CB3EC8DA2317D932000B621C /* PBXContainerItemProxy */ = {
			isa = PBXContainerItemProxy;
			containerPortal = CB3EC8BD2317D932000B621C /* Project object */;
			proxyType = 1;
			remoteGlobalIDString = CB3EC8C42317D932000B621C;
			remoteInfo = DatePickerView;
		};
		CB3EC8E52317D932000B621C /* PBXContainerItemProxy */ = {
			isa = PBXContainerItemProxy;
			containerPortal = CB3EC8BD2317D932000B621C /* Project object */;
			proxyType = 1;
			remoteGlobalIDString = CB3EC8C42317D932000B621C;
			remoteInfo = DatePickerView;
		};
/* End PBXContainerItemProxy section */

/* Begin PBXFileReference section */
		CB3EC8C52317D932000B621C /* DatePickerView.app */ = {isa = PBXFileReference; explicitFileType = wrapper.application; includeInIndex = 0; path = DatePickerView.app; sourceTree = BUILT_PRODUCTS_DIR; };
		CB3EC8C82317D932000B621C /* AppDelegate.swift */ = {isa = PBXFileReference; lastKnownFileType = sourcecode.swift; path = AppDelegate.swift; sourceTree = "<group>"; };
		CB3EC8CA2317D932000B621C /* ViewController.swift */ = {isa = PBXFileReference; lastKnownFileType = sourcecode.swift; path = ViewController.swift; sourceTree = "<group>"; };
		CB3EC8CD2317D932000B621C /* Base */ = {isa = PBXFileReference; lastKnownFileType = file.storyboard; name = Base; path = Base.lproj/Main.storyboard; sourceTree = "<group>"; };
		CB3EC8CF2317D932000B621C /* Assets.xcassets */ = {isa = PBXFileReference; lastKnownFileType = folder.assetcatalog; path = Assets.xcassets; sourceTree = "<group>"; };
		CB3EC8D22317D932000B621C /* Base */ = {isa = PBXFileReference; lastKnownFileType = file.storyboard; name = Base; path = Base.lproj/LaunchScreen.storyboard; sourceTree = "<group>"; };
		CB3EC8D42317D932000B621C /* Info.plist */ = {isa = PBXFileReference; lastKnownFileType = text.plist.xml; path = Info.plist; sourceTree = "<group>"; };
		CB3EC8D92317D932000B621C /* DatePickerViewTests.xctest */ = {isa = PBXFileReference; explicitFileType = wrapper.cfbundle; includeInIndex = 0; path = DatePickerViewTests.xctest; sourceTree = BUILT_PRODUCTS_DIR; };
		CB3EC8DD2317D932000B621C /* DatePickerViewTests.swift */ = {isa = PBXFileReference; lastKnownFileType = sourcecode.swift; path = DatePickerViewTests.swift; sourceTree = "<group>"; };
		CB3EC8DF2317D932000B621C /* Info.plist */ = {isa = PBXFileReference; lastKnownFileType = text.plist.xml; path = Info.plist; sourceTree = "<group>"; };
		CB3EC8E42317D932000B621C /* DatePickerViewUITests.xctest */ = {isa = PBXFileReference; explicitFileType = wrapper.cfbundle; includeInIndex = 0; path = DatePickerViewUITests.xctest; sourceTree = BUILT_PRODUCTS_DIR; };
		CB3EC8E82317D932000B621C /* DatePickerViewUITests.swift */ = {isa = PBXFileReference; lastKnownFileType = sourcecode.swift; path = DatePickerViewUITests.swift; sourceTree = "<group>"; };
		CB3EC8EA2317D932000B621C /* Info.plist */ = {isa = PBXFileReference; lastKnownFileType = text.plist.xml; path = Info.plist; sourceTree = "<group>"; };
/* End PBXFileReference section */

/* Begin PBXFrameworksBuildPhase section */
		CB3EC8C22317D932000B621C /* Frameworks */ = {
			isa = PBXFrameworksBuildPhase;
			buildActionMask = 2147483647;
			files = (
			);
			runOnlyForDeploymentPostprocessing = 0;
		};
		CB3EC8D62317D932000B621C /* Frameworks */ = {
			isa = PBXFrameworksBuildPhase;
			buildActionMask = 2147483647;
			files = (
			);
			runOnlyForDeploymentPostprocessing = 0;
		};
		CB3EC8E12317D932000B621C /* Frameworks */ = {
			isa = PBXFrameworksBuildPhase;
			buildActionMask = 2147483647;
			files = (
			);
			runOnlyForDeploymentPostprocessing = 0;
		};
/* End PBXFrameworksBuildPhase section */

/* Begin PBXGroup section */
		CB3EC8BC2317D932000B621C = {
			isa = PBXGroup;
			children = (
				CB3EC8C72317D932000B621C /* DatePickerView */,
				CB3EC8DC2317D932000B621C /* DatePickerViewTests */,
				CB3EC8E72317D932000B621C /* DatePickerViewUITests */,
				CB3EC8C62317D932000B621C /* Products */,
			);
			sourceTree = "<group>";
		};
		CB3EC8C62317D932000B621C /* Products */ = {
			isa = PBXGroup;
			children = (
				CB3EC8C52317D932000B621C /* DatePickerView.app */,
				CB3EC8D92317D932000B621C /* DatePickerViewTests.xctest */,
				CB3EC8E42317D932000B621C /* DatePickerViewUITests.xctest */,
			);
			name = Products;
			sourceTree = "<group>";
		};
		CB3EC8C72317D932000B621C /* DatePickerView */ = {
			isa = PBXGroup;
			children = (
				CB3EC8C82317D932000B621C /* AppDelegate.swift */,
				CB3EC8CA2317D932000B621C /* ViewController.swift */,
				CB3EC8CC2317D932000B621C /* Main.storyboard */,
				CB3EC8CF2317D932000B621C /* Assets.xcassets */,
				CB3EC8D12317D932000B621C /* LaunchScreen.storyboard */,
				CB3EC8D42317D932000B621C /* Info.plist */,
			);
			path = DatePickerView;
			sourceTree = "<group>";
		};
		CB3EC8DC2317D932000B621C /* DatePickerViewTests */ = {
			isa = PBXGroup;
			children = (
				CB3EC8DD2317D932000B621C /* DatePickerViewTests.swift */,
				CB3EC8DF2317D932000B621C /* Info.plist */,
			);
			path = DatePickerViewTests;
			sourceTree = "<group>";
		};
		CB3EC8E72317D932000B621C /* DatePickerViewUITests */ = {
			isa = PBXGroup;
			children = (
				CB3EC8E82317D932000B621C /* DatePickerViewUITests.swift */,
				CB3EC8EA2317D932000B621C /* Info.plist */,
			);
			path = DatePickerViewUITests;
			sourceTree = "<group>";
		};
/* End PBXGroup section */

/* Begin PBXNativeTarget section */
		CB3EC8C42317D932000B621C /* DatePickerView */ = {
			isa = PBXNativeTarget;
			buildConfigurationList = CB3EC8ED2317D932000B621C /* Build configuration list for PBXNativeTarget "DatePickerView" */;
			buildPhases = (
				CB3EC8C12317D932000B621C /* Sources */,
				CB3EC8C22317D932000B621C /* Frameworks */,
				CB3EC8C32317D932000B621C /* Resources */,
			);
			buildRules = (
			);
			dependencies = (
			);
			name = DatePickerView;
			productName = DatePickerView;
			productReference = CB3EC8C52317D932000B621C /* DatePickerView.app */;
			productType = "com.apple.product-type.application";
		};
		CB3EC8D82317D932000B621C /* DatePickerViewTests */ = {
			isa = PBXNativeTarget;
			buildConfigurationList = CB3EC8F02317D932000B621C /* Build configuration list for PBXNativeTarget "DatePickerViewTests" */;
			buildPhases = (
				CB3EC8D52317D932000B621C /* Sources */,
				CB3EC8D62317D932000B621C /* Frameworks */,
				CB3EC8D72317D932000B621C /* Resources */,
			);
			buildRules = (
			);
			dependencies = (
				CB3EC8DB2317D932000B621C /* PBXTargetDependency */,
			);
			name = DatePickerViewTests;
			productName = DatePickerViewTests;
			productReference = CB3EC8D92317D932000B621C /* DatePickerViewTests.xctest */;
			productType = "com.apple.product-type.bundle.unit-test";
		};
		CB3EC8E32317D932000B621C /* DatePickerViewUITests */ = {
			isa = PBXNativeTarget;
			buildConfigurationList = CB3EC8F32317D932000B621C /* Build configuration list for PBXNativeTarget "DatePickerViewUITests" */;
			buildPhases = (
				CB3EC8E02317D932000B621C /* Sources */,
				CB3EC8E12317D932000B621C /* Frameworks */,
				CB3EC8E22317D932000B621C /* Resources */,
			);
			buildRules = (
			);
			dependencies = (
				CB3EC8E62317D932000B621C /* PBXTargetDependency */,
			);
			name = DatePickerViewUITests;
			productName = DatePickerViewUITests;
			productReference = CB3EC8E42317D932000B621C /* DatePickerViewUITests.xctest */;
			productType = "com.apple.product-type.bundle.ui-testing";
		};
/* End PBXNativeTarget section */

/* Begin PBXProject section */
		CB3EC8BD2317D932000B621C /* Project object */ = {
			isa = PBXProject;
			attributes = {
				LastSwiftUpdateCheck = 0920;
				LastUpgradeCheck = 0920;
				ORGANIZATIONNAME = "COE-01";
				TargetAttributes = {
					CB3EC8C42317D932000B621C = {
						CreatedOnToolsVersion = 9.2;
						ProvisioningStyle = Automatic;
					};
					CB3EC8D82317D932000B621C = {
						CreatedOnToolsVersion = 9.2;
						ProvisioningStyle = Automatic;
						TestTargetID = CB3EC8C42317D932000B621C;
					};
					CB3EC8E32317D932000B621C = {
						CreatedOnToolsVersion = 9.2;
						ProvisioningStyle = Automatic;
						TestTargetID = CB3EC8C42317D932000B621C;
					};
				};
			};
			buildConfigurationList = CB3EC8C02317D932000B621C /* Build configuration list for PBXProject "DatePickerView" */;
			compatibilityVersion = "Xcode 8.0";
			developmentRegion = en;
			hasScannedForEncodings = 0;
			knownRegions = (
				en,
				Base,
			);
			mainGroup = CB3EC8BC2317D932000B621C;
			productRefGroup = CB3EC8C62317D932000B621C /* Products */;
			projectDirPath = "";
			projectRoot = "";
			targets = (
				CB3EC8C42317D932000B621C /* DatePickerView */,
				CB3EC8D82317D932000B621C /* DatePickerViewTests */,
				CB3EC8E32317D932000B621C /* DatePickerViewUITests */,
			);
		};
/* End PBXProject section */

/* Begin PBXResourcesBuildPhase section */
		CB3EC8C32317D932000B621C /* Resources */ = {
			isa = PBXResourcesBuildPhase;
			buildActionMask = 2147483647;
			files = (
				CB3EC8D32317D932000B621C /* LaunchScreen.storyboard in Resources */,
				CB3EC8D02317D932000B621C /* Assets.xcassets in Resources */,
				CB3EC8CE2317D932000B621C /* Main.storyboard in Resources */,
			);
			runOnlyForDeploymentPostprocessing = 0;
		};
		CB3EC8D72317D932000B621C /* Resources */ = {
			isa = PBXResourcesBuildPhase;
			buildActionMask = 2147483647;
			files = (
			);
			runOnlyForDeploymentPostprocessing = 0;
		};
		CB3EC8E22317D932000B621C /* Resources */ = {
			isa = PBXResourcesBuildPhase;
			buildActionMask = 2147483647;
			files = (
			);
			runOnlyForDeploymentPostprocessing = 0;
		};
/* End PBXResourcesBuildPhase section */

/* Begin PBXSourcesBuildPhase section */
		CB3EC8C12317D932000B621C /* Sources */ = {
			isa = PBXSourcesBuildPhase;
			buildActionMask = 2147483647;
			files = (
				CB3EC8CB2317D932000B621C /* ViewController.swift in Sources */,
				CB3EC8C92317D932000B621C /* AppDelegate.swift in Sources */,
			);
			runOnlyForDeploymentPostprocessing = 0;
		};
		CB3EC8D52317D932000B621C /* Sources */ = {
			isa = PBXSourcesBuildPhase;
			buildActionMask = 2147483647;
			files = (
				CB3EC8DE2317D932000B621C /* DatePickerViewTests.swift in Sources */,
			);
			runOnlyForDeploymentPostprocessing = 0;
		};
		CB3EC8E02317D932000B621C /* Sources */ = {
			isa = PBXSourcesBuildPhase;
			buildActionMask = 2147483647;
			files = (
				CB3EC8E92317D932000B621C /* DatePickerViewUITests.swift in Sources */,
			);
			runOnlyForDeploymentPostprocessing = 0;
		};
/* End PBXSourcesBuildPhase section */

/* Begin PBXTargetDependency section */
		CB3EC8DB2317D932000B621C /* PBXTargetDependency */ = {
			isa = PBXTargetDependency;
			target = CB3EC8C42317D932000B621C /* DatePickerView */;
			targetProxy = CB3EC8DA2317D932000B621C /* PBXContainerItemProxy */;
		};
		CB3EC8E62317D932000B621C /* PBXTargetDependency */ = {
			isa = PBXTargetDependency;
			target = CB3EC8C42317D932000B621C /* DatePickerView */;
			targetProxy = CB3EC8E52317D932000B621C /* PBXContainerItemProxy */;
		};
/* End PBXTargetDependency section */

/* Begin PBXVariantGroup section */
		CB3EC8CC2317D932000B621C /* Main.storyboard */ = {
			isa = PBXVariantGroup;
			children = (
				CB3EC8CD2317D932000B621C /* Base */,
			);
			name = Main.storyboard;
			sourceTree = "<group>";
		};
		CB3EC8D12317D932000B621C /* LaunchScreen.storyboard */ = {
			isa = PBXVariantGroup;
			children = (
				CB3EC8D22317D932000B621C /* Base */,
			);
			name = LaunchScreen.storyboard;
			sourceTree = "<group>";
		};
/* End PBXVariantGroup section */

/* Begin XCBuildConfiguration section */
		CB3EC8EB2317D932000B621C /* Debug */ = {
			isa = XCBuildConfiguration;
			buildSettings = {
				ALWAYS_SEARCH_USER_PATHS = NO;
				CLANG_ANALYZER_NONNULL = YES;
				CLANG_ANALYZER_NUMBER_OBJECT_CONVERSION = YES_AGGRESSIVE;
				CLANG_CXX_LANGUAGE_STANDARD = "gnu++14";
				CLANG_CXX_LIBRARY = "libc++";
				CLANG_ENABLE_MODULES = YES;
				CLANG_ENABLE_OBJC_ARC = YES;
				CLANG_WARN_BLOCK_CAPTURE_AUTORELEASING = YES;
				CLANG_WARN_BOOL_CONVERSION = YES;
				CLANG_WARN_COMMA = YES;
				CLANG_WARN_CONSTANT_CONVERSION = YES;
				CLANG_WARN_DIRECT_OBJC_ISA_USAGE = YES_ERROR;
				CLANG_WARN_DOCUMENTATION_COMMENTS = YES;
				CLANG_WARN_EMPTY_BODY = YES;
				CLANG_WARN_ENUM_CONVERSION = YES;
				CLANG_WARN_INFINITE_RECURSION = YES;
				CLANG_WARN_INT_CONVERSION = YES;
				CLANG_WARN_NON_LITERAL_NULL_CONVERSION = YES;
				CLANG_WARN_OBJC_LITERAL_CONVERSION = YES;
				CLANG_WARN_OBJC_ROOT_CLASS = YES_ERROR;
				CLANG_WARN_RANGE_LOOP_ANALYSIS = YES;
				CLANG_WARN_STRICT_PROTOTYPES = YES;
				CLANG_WARN_SUSPICIOUS_MOVE = YES;
				CLANG_WARN_UNGUARDED_AVAILABILITY = YES_AGGRESSIVE;
				CLANG_WARN_UNREACHABLE_CODE = YES;
				CLANG_WARN__DUPLICATE_METHOD_MATCH = YES;
				CODE_SIGN_IDENTITY = "iPhone Developer";
				COPY_PHASE_STRIP = NO;
				DEBUG_INFORMATION_FORMAT = dwarf;
				ENABLE_STRICT_OBJC_MSGSEND = YES;
				ENABLE_TESTABILITY = YES;
				GCC_C_LANGUAGE_STANDARD = gnu11;
				GCC_DYNAMIC_NO_PIC = NO;
				GCC_NO_COMMON_BLOCKS = YES;
				GCC_OPTIMIZATION_LEVEL = 0;
				GCC_PREPROCESSOR_DEFINITIONS = (
					"DEBUG=1",
					"$(inherited)",
				);
				GCC_WARN_64_TO_32_BIT_CONVERSION = YES;
				GCC_WARN_ABOUT_RETURN_TYPE = YES_ERROR;
				GCC_WARN_UNDECLARED_SELECTOR = YES;
				GCC_WARN_UNINITIALIZED_AUTOS = YES_AGGRESSIVE;
				GCC_WARN_UNUSED_FUNCTION = YES;
				GCC_WARN_UNUSED_VARIABLE = YES;
				IPHONEOS_DEPLOYMENT_TARGET = 11.2;
				MTL_ENABLE_DEBUG_INFO = YES;
				ONLY_ACTIVE_ARCH = YES;
				SDKROOT = iphoneos;
				SWIFT_ACTIVE_COMPILATION_CONDITIONS = DEBUG;
				SWIFT_OPTIMIZATION_LEVEL = "-Onone";
			};
			name = Debug;
		};
		CB3EC8EC2317D932000B621C /* Release */ = {
			isa = XCBuildConfiguration;
			buildSettings = {
				ALWAYS_SEARCH_USER_PATHS = NO;
				CLANG_ANALYZER_NONNULL = YES;
				CLANG_ANALYZER_NUMBER_OBJECT_CONVERSION = YES_AGGRESSIVE;
				CLANG_CXX_LANGUAGE_STANDARD = "gnu++14";
				CLANG_CXX_LIBRARY = "libc++";
				CLANG_ENABLE_MODULES = YES;
				CLANG_ENABLE_OBJC_ARC = YES;
				CLANG_WARN_BLOCK_CAPTURE_AUTORELEASING = YES;
				CLANG_WARN_BOOL_CONVERSION = YES;
				CLANG_WARN_COMMA = YES;
				CLANG_WARN_CONSTANT_CONVERSION = YES;
				CLANG_WARN_DIRECT_OBJC_ISA_USAGE = YES_ERROR;
				CLANG_WARN_DOCUMENTATION_COMMENTS = YES;
				CLANG_WARN_EMPTY_BODY = YES;
				CLANG_WARN_ENUM_CONVERSION = YES;
				CLANG_WARN_INFINITE_RECURSION = YES;
				CLANG_WARN_INT_CONVERSION = YES;
				CLANG_WARN_NON_LITERAL_NULL_CONVERSION = YES;
				CLANG_WARN_OBJC_LITERAL_CONVERSION = YES;
				CLANG_WARN_OBJC_ROOT_CLASS = YES_ERROR;
				CLANG_WARN_RANGE_LOOP_ANALYSIS = YES;
				CLANG_WARN_STRICT_PROTOTYPES = YES;
				CLANG_WARN_SUSPICIOUS_MOVE = YES;
				CLANG_WARN_UNGUARDED_AVAILABILITY = YES_AGGRESSIVE;
				CLANG_WARN_UNREACHABLE_CODE = YES;
				CLANG_WARN__DUPLICATE_METHOD_MATCH = YES;
				CODE_SIGN_IDENTITY = "iPhone Developer";
				COPY_PHASE_STRIP = NO;
				DEBUG_INFORMATION_FORMAT = "dwarf-with-dsym";
				ENABLE_NS_ASSERTIONS = NO;
				ENABLE_STRICT_OBJC_MSGSEND = YES;
				GCC_C_LANGUAGE_STANDARD = gnu11;
				GCC_NO_COMMON_BLOCKS = YES;
				GCC_WARN_64_TO_32_BIT_CONVERSION = YES;
				GCC_WARN_ABOUT_RETURN_TYPE = YES_ERROR;
				GCC_WARN_UNDECLARED_SELECTOR = YES;
				GCC_WARN_UNINITIALIZED_AUTOS = YES_AGGRESSIVE;
				GCC_WARN_UNUSED_FUNCTION = YES;
				GCC_WARN_UNUSED_VARIABLE = YES;
				IPHONEOS_DEPLOYMENT_TARGET = 11.2;
				MTL_ENABLE_DEBUG_INFO = NO;
				SDKROOT = iphoneos;
				SWIFT_OPTIMIZATION_LEVEL = "-Owholemodule";
				VALIDATE_PRODUCT = YES;
			};
			name = Release;
		};
		CB3EC8EE2317D932000B621C /* Debug */ = {
			isa = XCBuildConfiguration;
			buildSettings = {
				ASSETCATALOG_COMPILER_APPICON_NAME = AppIcon;
				CODE_SIGN_STYLE = Automatic;
				INFOPLIST_FILE = DatePickerView/Info.plist;
				LD_RUNPATH_SEARCH_PATHS = "$(inherited) @executable_path/Frameworks";
				PRODUCT_BUNDLE_IDENTIFIER = bg.DatePickerView;
				PRODUCT_NAME = "$(TARGET_NAME)";
				SWIFT_VERSION = 4.0;
				TARGETED_DEVICE_FAMILY = "1,2";
			};
			name = Debug;
		};
		CB3EC8EF2317D932000B621C /* Release */ = {
			isa = XCBuildConfiguration;
			buildSettings = {
				ASSETCATALOG_COMPILER_APPICON_NAME = AppIcon;
				CODE_SIGN_STYLE = Automatic;
				INFOPLIST_FILE = DatePickerView/Info.plist;
				LD_RUNPATH_SEARCH_PATHS = "$(inherited) @executable_path/Frameworks";
				PRODUCT_BUNDLE_IDENTIFIER = bg.DatePickerView;
				PRODUCT_NAME = "$(TARGET_NAME)";
				SWIFT_VERSION = 4.0;
				TARGETED_DEVICE_FAMILY = "1,2";
			};
			name = Release;
		};
		CB3EC8F12317D932000B621C /* Debug */ = {
			isa = XCBuildConfiguration;
			buildSettings = {
				ALWAYS_EMBED_SWIFT_STANDARD_LIBRARIES = YES;
				BUNDLE_LOADER = "$(TEST_HOST)";
				CODE_SIGN_STYLE = Automatic;
				INFOPLIST_FILE = DatePickerViewTests/Info.plist;
				LD_RUNPATH_SEARCH_PATHS = "$(inherited) @executable_path/Frameworks @loader_path/Frameworks";
				PRODUCT_BUNDLE_IDENTIFIER = bg.DatePickerViewTests;
				PRODUCT_NAME = "$(TARGET_NAME)";
				SWIFT_VERSION = 4.0;
				TARGETED_DEVICE_FAMILY = "1,2";
				TEST_HOST = "$(BUILT_PRODUCTS_DIR)/DatePickerView.app/DatePickerView";
			};
			name = Debug;
		};
		CB3EC8F22317D932000B621C /* Release */ = {
			isa = XCBuildConfiguration;
			buildSettings = {
				ALWAYS_EMBED_SWIFT_STANDARD_LIBRARIES = YES;
				BUNDLE_LOADER = "$(TEST_HOST)";
				CODE_SIGN_STYLE = Automatic;
				INFOPLIST_FILE = DatePickerViewTests/Info.plist;
				LD_RUNPATH_SEARCH_PATHS = "$(inherited) @executable_path/Frameworks @loader_path/Frameworks";
				PRODUCT_BUNDLE_IDENTIFIER = bg.DatePickerViewTests;
				PRODUCT_NAME = "$(TARGET_NAME)";
				SWIFT_VERSION = 4.0;
				TARGETED_DEVICE_FAMILY = "1,2";
				TEST_HOST = "$(BUILT_PRODUCTS_DIR)/DatePickerView.app/DatePickerView";
			};
			name = Release;
		};
		CB3EC8F42317D932000B621C /* Debug */ = {
			isa = XCBuildConfiguration;
			buildSettings = {
				ALWAYS_EMBED_SWIFT_STANDARD_LIBRARIES = YES;
				CODE_SIGN_STYLE = Automatic;
				INFOPLIST_FILE = DatePickerViewUITests/Info.plist;
				LD_RUNPATH_SEARCH_PATHS = "$(inherited) @executable_path/Frameworks @loader_path/Frameworks";
				PRODUCT_BUNDLE_IDENTIFIER = bg.DatePickerViewUITests;
				PRODUCT_NAME = "$(TARGET_NAME)";
				SWIFT_VERSION = 4.0;
				TARGETED_DEVICE_FAMILY = "1,2";
				TEST_TARGET_NAME = DatePickerView;
			};
			name = Debug;
		};
		CB3EC8F52317D932000B621C /* Release */ = {
			isa = XCBuildConfiguration;
			buildSettings = {
				ALWAYS_EMBED_SWIFT_STANDARD_LIBRARIES = YES;
				CODE_SIGN_STYLE = Automatic;
				INFOPLIST_FILE = DatePickerViewUITests/Info.plist;
				LD_RUNPATH_SEARCH_PATHS = "$(inherited) @executable_path/Frameworks @loader_path/Frameworks";
				PRODUCT_BUNDLE_IDENTIFIER = bg.DatePickerViewUITests;
				PRODUCT_NAME = "$(TARGET_NAME)";
				SWIFT_VERSION = 4.0;
				TARGETED_DEVICE_FAMILY = "1,2";
				TEST_TARGET_NAME = DatePickerView;
			};
			name = Release;
		};
/* End XCBuildConfiguration section */

/* Begin XCConfigurationList section */
		CB3EC8C02317D932000B621C /* Build configuration list for PBXProject "DatePickerView" */ = {
			isa = XCConfigurationList;
			buildConfigurations = (
				CB3EC8EB2317D932000B621C /* Debug */,
				CB3EC8EC2317D932000B621C /* Release */,
			);
			defaultConfigurationIsVisible = 0;
			defaultConfigurationName = Release;
		};
		CB3EC8ED2317D932000B621C /* Build configuration list for PBXNativeTarget "DatePickerView" */ = {
			isa = XCConfigurationList;
			buildConfigurations = (
				CB3EC8EE2317D932000B621C /* Debug */,
				CB3EC8EF2317D932000B621C /* Release */,
			);
			defaultConfigurationIsVisible = 0;
			defaultConfigurationName = Release;
		};
		CB3EC8F02317D932000B621C /* Build configuration list for PBXNativeTarget "DatePickerViewTests" */ = {
			isa = XCConfigurationList;
			buildConfigurations = (
				CB3EC8F12317D932000B621C /* Debug */,
				CB3EC8F22317D932000B621C /* Release */,
			);
			defaultConfigurationIsVisible = 0;
			defaultConfigurationName = Release;
		};
		CB3EC8F32317D932000B621C /* Build configuration list for PBXNativeTarget "DatePickerViewUITests" */ = {
			isa = XCConfigurationList;
			buildConfigurations = (
				CB3EC8F42317D932000B621C /* Debug */,
				CB3EC8F52317D932000B621C /* Release */,
			);
			defaultConfigurationIsVisible = 0;
			defaultConfigurationName = Release;
		};
/* End XCConfigurationList section */
	};
	rootObject = CB3EC8BD2317D932000B621C /* Project object */;
}
